
Microsoft Visual Studio Solution File, Format Version 12.00
# Visual Studio Version 17
VisualStudioVersion = 17.1.32210.238
MinimumVisualStudioVersion = 10.0.40219.1
Project("{FAE04EC0-301F-11D3-BF4B-00C04F79EFBC}") = "StudentAttendanceSystem", "StudentAttendanceSystem\StudentAttendanceSystem.csproj", "{A20CBEA5-3002-486A-9115-235F597D723E}"
EndProject
Global
	GlobalSection(SolutionConfigurationPlatforms) = preSolution
		Debug|Any CPU = Debug|Any CPU
		Release|Any CPU = Release|Any CPU
	EndGlobalSection
	GlobalSection(ProjectConfigurationPlatforms) = postSolution
		{A20CBEA5-3002-486A-9115-235F597D723E}.Debug|Any CPU.ActiveCfg = Debug|Any CPU
		{A20CBEA5-3002-486A-9115-235F597D723E}.Debug|Any CPU.Build.0 = Debug|Any CPU
		{A20CBEA5-3002-486A-9115-235F597D723E}.Release|Any CPU.ActiveCfg = Release|Any CPU
		{A20CBEA5-3002-486A-9115-235F597D723E}.Release|Any CPU.Build.0 = Release|Any CPU
	EndGlobalSection
	GlobalSection(SolutionProperties) = preSolution
		HideSolutionNode = FALSE
	EndGlobalSection
	GlobalSection(ExtensibilityGlobals) = postSolution
		SolutionGuid = {DA346B65-0F77-4A2F-9B48-99EFF2D1E855}
	EndGlobalSection
EndGlobal
